
Microsoft Visual Studio Solution File, Format Version 12.00
# Visual Studio Version 17
VisualStudioVersion = 17.10.34916.146
MinimumVisualStudioVersion = 10.0.40219.1
Project("{FAE04EC0-301F-11D3-BF4B-00C04F79EFBC}") = "Prototype.Payment.Api", "Prototype.Payment.Api\Prototype.Payment.Api.csproj", "{B1DB3C98-DBDC-460E-8A99-FAE9150B7F2D}"
EndProject
Project("{FAE04EC0-301F-11D3-BF4B-00C04F79EFBC}") = "Prototype.Domain", "Prototype.Domain\Prototype.Domain.csproj", "{D22AA187-E406-419A-BC71-BF20AAD7EF88}"
EndProject
Project("{FAE04EC0-301F-11D3-BF4B-00C04F79EFBC}") = "Prototype.Infrastructure", "Prototype.Infrastructure\Prototype.Infrastructure.csproj", "{2655F6D1-DBD3-4DEB-A7A9-28DC28BA49DD}"
EndProject
Project("{FAE04EC0-301F-11D3-BF4B-00C04F79EFBC}") = "Property.Application", "Property.Application\Property.Application.csproj", "{000AFF2D-525B-4037-BE1C-6C5D1AE07AEC}"
EndProject
Project("{FAE04EC0-301F-11D3-BF4B-00C04F79EFBC}") = "Prototype.Sdk", "Prototype.Sdk\Prototype.Sdk.csproj", "{49F7896D-8CEA-4454-9C95-2DCED4D27E9D}"
EndProject
Global
	GlobalSection(SolutionConfigurationPlatforms) = preSolution
		Debug|Any CPU = Debug|Any CPU
		Release|Any CPU = Release|Any CPU
	EndGlobalSection
	GlobalSection(ProjectConfigurationPlatforms) = postSolution
		{B1DB3C98-DBDC-460E-8A99-FAE9150B7F2D}.Debug|Any CPU.ActiveCfg = Debug|Any CPU
		{B1DB3C98-DBDC-460E-8A99-FAE9150B7F2D}.Debug|Any CPU.Build.0 = Debug|Any CPU
		{B1DB3C98-DBDC-460E-8A99-FAE9150B7F2D}.Release|Any CPU.ActiveCfg = Release|Any CPU
		{B1DB3C98-DBDC-460E-8A99-FAE9150B7F2D}.Release|Any CPU.Build.0 = Release|Any CPU
		{D22AA187-E406-419A-BC71-BF20AAD7EF88}.Debug|Any CPU.ActiveCfg = Debug|Any CPU
		{D22AA187-E406-419A-BC71-BF20AAD7EF88}.Debug|Any CPU.Build.0 = Debug|Any CPU
		{D22AA187-E406-419A-BC71-BF20AAD7EF88}.Release|Any CPU.ActiveCfg = Release|Any CPU
		{D22AA187-E406-419A-BC71-BF20AAD7EF88}.Release|Any CPU.Build.0 = Release|Any CPU
		{2655F6D1-DBD3-4DEB-A7A9-28DC28BA49DD}.Debug|Any CPU.ActiveCfg = Debug|Any CPU
		{2655F6D1-DBD3-4DEB-A7A9-28DC28BA49DD}.Debug|Any CPU.Build.0 = Debug|Any CPU
		{2655F6D1-DBD3-4DEB-A7A9-28DC28BA49DD}.Release|Any CPU.ActiveCfg = Release|Any CPU
		{2655F6D1-DBD3-4DEB-A7A9-28DC28BA49DD}.Release|Any CPU.Build.0 = Release|Any CPU
		{000AFF2D-525B-4037-BE1C-6C5D1AE07AEC}.Debug|Any CPU.ActiveCfg = Debug|Any CPU
		{000AFF2D-525B-4037-BE1C-6C5D1AE07AEC}.Debug|Any CPU.Build.0 = Debug|Any CPU
		{000AFF2D-525B-4037-BE1C-6C5D1AE07AEC}.Release|Any CPU.ActiveCfg = Release|Any CPU
		{000AFF2D-525B-4037-BE1C-6C5D1AE07AEC}.Release|Any CPU.Build.0 = Release|Any CPU
		{49F7896D-8CEA-4454-9C95-2DCED4D27E9D}.Debug|Any CPU.ActiveCfg = Debug|Any CPU
		{49F7896D-8CEA-4454-9C95-2DCED4D27E9D}.Debug|Any CPU.Build.0 = Debug|Any CPU
		{49F7896D-8CEA-4454-9C95-2DCED4D27E9D}.Release|Any CPU.ActiveCfg = Release|Any CPU
		{49F7896D-8CEA-4454-9C95-2DCED4D27E9D}.Release|Any CPU.Build.0 = Release|Any CPU
	EndGlobalSection
	GlobalSection(SolutionProperties) = preSolution
		HideSolutionNode = FALSE
	EndGlobalSection
	GlobalSection(ExtensibilityGlobals) = postSolution
		SolutionGuid = {1436C54F-FB04-465F-BA4F-9F50B3A1E9A1}
	EndGlobalSection
EndGlobal
