
Microsoft Visual Studio Solution File, Format Version 12.00
# Visual Studio Version 17
VisualStudioVersion = 17.10.34916.146
MinimumVisualStudioVersion = 10.0.40219.1
Project("{9A19103F-16F7-4668-BE54-9A1E7A4F7556}") = "Prototype.Payment.Api", "Prototype.Payment.Api\Prototype.Payment.Api.csproj", "{B1DB3C98-DBDC-460E-8A99-FAE9150B7F2D}"
EndProject
Project("{9A19103F-16F7-4668-BE54-9A1E7A4F7556}") = "Prototype.Payment.Domain", "Prototype.Payment.Domain\Prototype.Payment.Domain.csproj", "{D22AA187-E406-419A-BC71-BF20AAD7EF88}"
EndProject
Project("{9A19103F-16F7-4668-BE54-9A1E7A4F7556}") = "Prototype.Payment.Infrastructure", "Prototype.Payment.Infrastructure\Prototype.Payment.Infrastructure.csproj", "{2655F6D1-DBD3-4DEB-A7A9-28DC28BA49DD}"
EndProject
Project("{9A19103F-16F7-4668-BE54-9A1E7A4F7556}") = "Prototype.Payment.Application", "Prototype.Payment.Application\Prototype.Payment.Application.csproj", "{000AFF2D-525B-4037-BE1C-6C5D1AE07AEC}"
EndProject
Project("{9A19103F-16F7-4668-BE54-9A1E7A4F7556}") = "Prototype.Payment.Sdk.Grpc", "Prototype.Payment.Sdk.Grpc\Prototype.Payment.Sdk.Grpc.csproj", "{49F7896D-8CEA-4454-9C95-2DCED4D27E9D}"
EndProject
Project("{9A19103F-16F7-4668-BE54-9A1E7A4F7556}") = "Prototype.Payment.Sdk.Rest", "Prototype.Payment.Sdk.Rest\Prototype.Payment.Sdk.Rest.csproj", "{D9EEC957-5DC0-4AB4-BD67-4D6B46D4AEEE}"
EndProject
Project("{9A19103F-16F7-4668-BE54-9A1E7A4F7556}") = "Prototype.Payment.Application.CrossCutting", "Prototype.Payment.Application.CrossCutting\Prototype.Payment.Application.CrossCutting.csproj", "{A23348B2-2F31-4A38-8640-362E8338BF23}"
EndProject
Project("{9A19103F-16F7-4668-BE54-9A1E7A4F7556}") = "Prototype.Payment.Sdk.Grpc.CrossCutting", "Prototype.Payment.Sdk.Grpc.CrossCutting\Prototype.Payment.Sdk.Grpc.CrossCutting.csproj", "{A5E6821A-C94D-4EB5-8E54-F2C35EC1240A}"
EndProject
Global
	GlobalSection(SolutionConfigurationPlatforms) = preSolution
		Debug|Any CPU = Debug|Any CPU
		Release|Any CPU = Release|Any CPU
	EndGlobalSection
	GlobalSection(ProjectConfigurationPlatforms) = postSolution
		{B1DB3C98-DBDC-460E-8A99-FAE9150B7F2D}.Debug|Any CPU.ActiveCfg = Debug|Any CPU
		{B1DB3C98-DBDC-460E-8A99-FAE9150B7F2D}.Debug|Any CPU.Build.0 = Debug|Any CPU
		{B1DB3C98-DBDC-460E-8A99-FAE9150B7F2D}.Release|Any CPU.ActiveCfg = Release|Any CPU
		{B1DB3C98-DBDC-460E-8A99-FAE9150B7F2D}.Release|Any CPU.Build.0 = Release|Any CPU
		{D22AA187-E406-419A-BC71-BF20AAD7EF88}.Debug|Any CPU.ActiveCfg = Debug|Any CPU
		{D22AA187-E406-419A-BC71-BF20AAD7EF88}.Debug|Any CPU.Build.0 = Debug|Any CPU
		{D22AA187-E406-419A-BC71-BF20AAD7EF88}.Release|Any CPU.ActiveCfg = Release|Any CPU
		{D22AA187-E406-419A-BC71-BF20AAD7EF88}.Release|Any CPU.Build.0 = Release|Any CPU
		{2655F6D1-DBD3-4DEB-A7A9-28DC28BA49DD}.Debug|Any CPU.ActiveCfg = Debug|Any CPU
		{2655F6D1-DBD3-4DEB-A7A9-28DC28BA49DD}.Debug|Any CPU.Build.0 = Debug|Any CPU
		{2655F6D1-DBD3-4DEB-A7A9-28DC28BA49DD}.Release|Any CPU.ActiveCfg = Release|Any CPU
		{2655F6D1-DBD3-4DEB-A7A9-28DC28BA49DD}.Release|Any CPU.Build.0 = Release|Any CPU
		{000AFF2D-525B-4037-BE1C-6C5D1AE07AEC}.Debug|Any CPU.ActiveCfg = Debug|Any CPU
		{000AFF2D-525B-4037-BE1C-6C5D1AE07AEC}.Debug|Any CPU.Build.0 = Debug|Any CPU
		{000AFF2D-525B-4037-BE1C-6C5D1AE07AEC}.Release|Any CPU.ActiveCfg = Release|Any CPU
		{000AFF2D-525B-4037-BE1C-6C5D1AE07AEC}.Release|Any CPU.Build.0 = Release|Any CPU
		{49F7896D-8CEA-4454-9C95-2DCED4D27E9D}.Debug|Any CPU.ActiveCfg = Debug|Any CPU
		{49F7896D-8CEA-4454-9C95-2DCED4D27E9D}.Debug|Any CPU.Build.0 = Debug|Any CPU
		{49F7896D-8CEA-4454-9C95-2DCED4D27E9D}.Release|Any CPU.ActiveCfg = Release|Any CPU
		{49F7896D-8CEA-4454-9C95-2DCED4D27E9D}.Release|Any CPU.Build.0 = Release|Any CPU
		{D9EEC957-5DC0-4AB4-BD67-4D6B46D4AEEE}.Debug|Any CPU.ActiveCfg = Debug|Any CPU
		{D9EEC957-5DC0-4AB4-BD67-4D6B46D4AEEE}.Debug|Any CPU.Build.0 = Debug|Any CPU
		{D9EEC957-5DC0-4AB4-BD67-4D6B46D4AEEE}.Release|Any CPU.ActiveCfg = Release|Any CPU
		{D9EEC957-5DC0-4AB4-BD67-4D6B46D4AEEE}.Release|Any CPU.Build.0 = Release|Any CPU
		{A23348B2-2F31-4A38-8640-362E8338BF23}.Debug|Any CPU.ActiveCfg = Debug|Any CPU
		{A23348B2-2F31-4A38-8640-362E8338BF23}.Debug|Any CPU.Build.0 = Debug|Any CPU
		{A23348B2-2F31-4A38-8640-362E8338BF23}.Release|Any CPU.ActiveCfg = Release|Any CPU
		{A23348B2-2F31-4A38-8640-362E8338BF23}.Release|Any CPU.Build.0 = Release|Any CPU
		{A5E6821A-C94D-4EB5-8E54-F2C35EC1240A}.Debug|Any CPU.ActiveCfg = Debug|Any CPU
		{A5E6821A-C94D-4EB5-8E54-F2C35EC1240A}.Debug|Any CPU.Build.0 = Debug|Any CPU
		{A5E6821A-C94D-4EB5-8E54-F2C35EC1240A}.Release|Any CPU.ActiveCfg = Release|Any CPU
		{A5E6821A-C94D-4EB5-8E54-F2C35EC1240A}.Release|Any CPU.Build.0 = Release|Any CPU
	EndGlobalSection
	GlobalSection(SolutionProperties) = preSolution
		HideSolutionNode = FALSE
	EndGlobalSection
	GlobalSection(ExtensibilityGlobals) = postSolution
		SolutionGuid = {1436C54F-FB04-465F-BA4F-9F50B3A1E9A1}
	EndGlobalSection
EndGlobal
